
Microsoft Visual Studio Solution File, Format Version 12.00
# Visual Studio Version 17
VisualStudioVersion = 17.14.36202.13 d17.14
MinimumVisualStudioVersion = 10.0.40219.1
Project("{FAE04EC0-301F-11D3-BF4B-00C04F79EFBC}") = "EXE", "EXE\EXE.csproj", "{2D1AFAFE-8231-4F4C-9C20-58C21846A3A2}"
EndProject
Global
	GlobalSection(SolutionConfigurationPlatforms) = preSolution
		Debug|Any CPU = Debug|Any CPU
		Release|Any CPU = Release|Any CPU
	EndGlobalSection
	GlobalSection(ProjectConfigurationPlatforms) = postSolution
		{2D1AFAFE-8231-4F4C-9C20-58C21846A3A2}.Debug|Any CPU.ActiveCfg = Debug|Any CPU
		{2D1AFAFE-8231-4F4C-9C20-58C21846A3A2}.Debug|Any CPU.Build.0 = Debug|Any CPU
		{2D1AFAFE-8231-4F4C-9C20-58C21846A3A2}.Release|Any CPU.ActiveCfg = Release|Any CPU
		{2D1AFAFE-8231-4F4C-9C20-58C21846A3A2}.Release|Any CPU.Build.0 = Release|Any CPU
	EndGlobalSection
	GlobalSection(SolutionProperties) = preSolution
		HideSolutionNode = FALSE
	EndGlobalSection
	GlobalSection(ExtensibilityGlobals) = postSolution
		SolutionGuid = {A4835D53-9E90-4E02-AA50-25E21450EF1F}
	EndGlobalSection
EndGlobal
